<?xml version="1.0" encoding="utf-8"?>
<Project ToolsVersion="4.0" xmlns="http://schemas.microsoft.com/developer/msbuild/2003">
  <ItemGroup>
    <Filter Include="Source Files">
      <UniqueIdentifier>{4FC737F1-C7A5-4376-A066-2A32D752A2FF}</UniqueIdentifier>
      <Extensions>cpp;c;cc;cxx;def;odl;idl;hpj;bat;asm;asmx</Extensions>
    </Filter>
    <Filter Include="Header Files">
      <UniqueIdentifier>{93995380-89BD-4b04-88EB-625FBE52EBFB}</UniqueIdentifier>
      <Extensions>h;hpp;hxx;hm;inl;inc;xsd</Extensions>
    </Filter>
    <Filter Include="Shaders">
      <UniqueIdentifier>{4e9d5281-e4ca-46c1-8713-271ac18db235}</UniqueIdentifier>
    </Filter>
    <Filter Include="Images">
      <UniqueIdentifier>{3d8fb8bc-70cd-4926-9270-9d463aa314c3}</UniqueIdentifier>
    </Filter>
  </ItemGroup>
  <ItemGroup>
    <ClCompile Include="glw_imp.c">
      <Filter>Source Files</Filter>
    </ClCompile>
    <ClCompile Include="matrix.c">
      <Filter>Source Files</Filter>
    </ClCompile>
    <ClCompile Include="mod_alias.c">
      <Filter>Source Files</Filter>
    </ClCompile>
    <ClCompile Include="mod_brush.c">
      <Filter>Source Files</Filter>
    </ClCompile>
    <ClCompile Include="mod_sprite.c">
      <Filter>Source Files</Filter>
    </ClCompile>
    <ClCompile Include="..\DirectQII\q_shared.c">
      <Filter>Source Files</Filter>
    </ClCompile>
    <ClCompile Include="r_beam.c">
      <Filter>Source Files</Filter>
    </ClCompile>
    <ClCompile Include="r_draw.c">
      <Filter>Source Files</Filter>
    </ClCompile>
    <ClCompile Include="r_image.c">
      <Filter>Source Files</Filter>
    </ClCompile>
    <ClCompile Include="r_light.c">
      <Filter>Source Files</Filter>
    </ClCompile>
    <ClCompile Include="r_main.c">
      <Filter>Source Files</Filter>
    </ClCompile>
    <ClCompile Include="r_mesh.c">
      <Filter>Source Files</Filter>
    </ClCompile>
    <ClCompile Include="r_model.c">
      <Filter>Source Files</Filter>
    </ClCompile>
    <ClCompile Include="r_null.c">
      <Filter>Source Files</Filter>
    </ClCompile>
    <ClCompile Include="r_particles.c">
      <Filter>Source Files</Filter>
    </ClCompile>
    <ClCompile Include="r_screen.c">
      <Filter>Source Files</Filter>
    </ClCompile>
    <ClCompile Include="r_shader.c">
      <Filter>Source Files</Filter>
    </ClCompile>
    <ClCompile Include="r_sky.c">
      <Filter>Source Files</Filter>
    </ClCompile>
    <ClCompile Include="r_sprite.c">
      <Filter>Source Files</Filter>
    </ClCompile>
    <ClCompile Include="r_state.c">
      <Filter>Source Files</Filter>
    </ClCompile>
    <ClCompile Include="r_surf.c">
      <Filter>Source Files</Filter>
    </ClCompile>
    <ClCompile Include="r_texture.c">
      <Filter>Source Files</Filter>
    </ClCompile>
    <ClCompile Include="r_vcache.c">
      <Filter>Source Files</Filter>
    </ClCompile>
    <ClCompile Include="r_vidref.c">
      <Filter>Source Files</Filter>
    </ClCompile>
    <ClCompile Include="r_warp.c">
      <Filter>Source Files</Filter>
    </ClCompile>
  </ItemGroup>
  <ItemGroup>
    <ClInclude Include="..\DirectQII\anorms.h">
      <Filter>Header Files</Filter>
    </ClInclude>
    <ClInclude Include="matrix.h">
      <Filter>Header Files</Filter>
    </ClInclude>
    <ClInclude Include="..\DirectQII\q_shared.h">
      <Filter>Header Files</Filter>
    </ClInclude>
    <ClInclude Include="..\DirectQII\qfiles.h">
      <Filter>Header Files</Filter>
    </ClInclude>
    <ClInclude Include="r_local.h">
      <Filter>Header Files</Filter>
    </ClInclude>
    <ClInclude Include="r_model.h">
      <Filter>Header Files</Filter>
    </ClInclude>
    <ClInclude Include="..\DirectQII\ref.h">
      <Filter>Header Files</Filter>
    </ClInclude>
    <ClInclude Include="..\DirectQII\resource.h">
      <Filter>Header Files</Filter>
    </ClInclude>
  </ItemGroup>
  <ItemGroup>
    <None Include="envmap.pcx">
      <Filter>Images</Filter>
    </None>
    <None Include="fxBeam.shader">
      <Filter>Shaders</Filter>
    </None>
    <None Include="fxCommon.shader">
      <Filter>Shaders</Filter>
    </None>
    <None Include="fxDraw.shader">
      <Filter>Shaders</Filter>
    </None>
    <None Include="fxMesh.shader">
      <Filter>Shaders</Filter>
    </None>
    <None Include="fxNull.shader">
      <Filter>Shaders</Filter>
    </None>
    <None Include="fxParticles.shader">
      <Filter>Shaders</Filter>
    </None>
    <None Include="fxSprite.shader">
      <Filter>Shaders</Filter>
    </None>
    <None Include="fxSurf.shader">
      <Filter>Shaders</Filter>
    </None>
    <None Include="fxWaterwarp.shader">
      <Filter>Shaders</Filter>
    </None>
  </ItemGroup>
</Project>