<?xml version="1.0" encoding="utf-8"?>
<Project ToolsVersion="4.0" xmlns="http://schemas.microsoft.com/developer/msbuild/2003">
  <ItemGroup>
    <Filter Include="Header Files">
      <UniqueIdentifier>{03e8b4f4-d415-414f-a8f7-456101a8dbdb}</UniqueIdentifier>
      <Extensions>h;hpp;hxx;hm;inl;fi;fd</Extensions>
    </Filter>
    <Filter Include="Resource Files">
      <UniqueIdentifier>{9904f3ed-2e53-4587-ab26-6b4fb66f1cf9}</UniqueIdentifier>
      <Extensions>ico;cur;bmp;dlg;rc2;rct;bin;cnt;rtf;gif;jpg;jpeg;jpe</Extensions>
    </Filter>
    <Filter Include="Menus">
      <UniqueIdentifier>{f7a44e8b-b61b-431e-b9be-4904a1742c33}</UniqueIdentifier>
    </Filter>
    <Filter Include="Shaders">
      <UniqueIdentifier>{388708e7-2fd0-4e0f-bd9d-54b2cc78c345}</UniqueIdentifier>
    </Filter>
    <Filter Include="Images">
      <UniqueIdentifier>{130513bc-8fe4-409c-9a28-1c7a0fd02d88}</UniqueIdentifier>
    </Filter>
    <Filter Include="Renderer">
      <UniqueIdentifier>{557781b5-7c5c-47df-b9fc-f34b60de71ab}</UniqueIdentifier>
    </Filter>
    <Filter Include="Client">
      <UniqueIdentifier>{456c385c-d407-4a18-ae6b-3d37bdca78b7}</UniqueIdentifier>
    </Filter>
    <Filter Include="Server">
      <UniqueIdentifier>{e15605de-3526-43a1-adca-0285af0ebbe9}</UniqueIdentifier>
    </Filter>
    <Filter Include="Sound">
      <UniqueIdentifier>{5a047ab2-6411-4f11-bd2c-e7b9a57be07f}</UniqueIdentifier>
    </Filter>
    <Filter Include="Interface">
      <UniqueIdentifier>{6ec6e11c-afa7-4287-b9f7-03e06f8bbaf3}</UniqueIdentifier>
    </Filter>
    <Filter Include="System">
      <UniqueIdentifier>{198e72e0-b813-40ec-bf65-090e5febf0eb}</UniqueIdentifier>
    </Filter>
  </ItemGroup>
  <ItemGroup>
    <ClCompile Include="menu.c">
      <Filter>Menus</Filter>
    </ClCompile>
    <ClCompile Include="menu_addressbook.c">
      <Filter>Menus</Filter>
    </ClCompile>
    <ClCompile Include="menu_credits.c">
      <Filter>Menus</Filter>
    </ClCompile>
    <ClCompile Include="menu_dmoptions.c">
      <Filter>Menus</Filter>
    </ClCompile>
    <ClCompile Include="menu_downloadoptions.c">
      <Filter>Menus</Filter>
    </ClCompile>
    <ClCompile Include="menu_gallery.c">
      <Filter>Menus</Filter>
    </ClCompile>
    <ClCompile Include="menu_game.c">
      <Filter>Menus</Filter>
    </ClCompile>
    <ClCompile Include="menu_joinserver.c">
      <Filter>Menus</Filter>
    </ClCompile>
    <ClCompile Include="menu_keys.c">
      <Filter>Menus</Filter>
    </ClCompile>
    <ClCompile Include="menu_main.c">
      <Filter>Menus</Filter>
    </ClCompile>
    <ClCompile Include="menu_multiplayer.c">
      <Filter>Menus</Filter>
    </ClCompile>
    <ClCompile Include="menu_options.c">
      <Filter>Menus</Filter>
    </ClCompile>
    <ClCompile Include="menu_playerconfig.c">
      <Filter>Menus</Filter>
    </ClCompile>
    <ClCompile Include="menu_quit.c">
      <Filter>Menus</Filter>
    </ClCompile>
    <ClCompile Include="menu_saveload.c">
      <Filter>Menus</Filter>
    </ClCompile>
    <ClCompile Include="menu_startserver.c">
      <Filter>Menus</Filter>
    </ClCompile>
    <ClCompile Include="qmenu.c">
      <Filter>Menus</Filter>
    </ClCompile>
    <ClCompile Include="vid_menu.c">
      <Filter>Menus</Filter>
    </ClCompile>
    <ClCompile Include="r_beam.c">
      <Filter>Renderer</Filter>
    </ClCompile>
    <ClCompile Include="r_draw.c">
      <Filter>Renderer</Filter>
    </ClCompile>
    <ClCompile Include="r_image.c">
      <Filter>Renderer</Filter>
    </ClCompile>
    <ClCompile Include="r_light.c">
      <Filter>Renderer</Filter>
    </ClCompile>
    <ClCompile Include="r_main.c">
      <Filter>Renderer</Filter>
    </ClCompile>
    <ClCompile Include="r_mesh.c">
      <Filter>Renderer</Filter>
    </ClCompile>
    <ClCompile Include="r_model.c">
      <Filter>Renderer</Filter>
    </ClCompile>
    <ClCompile Include="r_null.c">
      <Filter>Renderer</Filter>
    </ClCompile>
    <ClCompile Include="r_particles.c">
      <Filter>Renderer</Filter>
    </ClCompile>
    <ClCompile Include="r_screen.c">
      <Filter>Renderer</Filter>
    </ClCompile>
    <ClCompile Include="r_shader.c">
      <Filter>Renderer</Filter>
    </ClCompile>
    <ClCompile Include="r_sky.c">
      <Filter>Renderer</Filter>
    </ClCompile>
    <ClCompile Include="r_sprite.c">
      <Filter>Renderer</Filter>
    </ClCompile>
    <ClCompile Include="r_state.c">
      <Filter>Renderer</Filter>
    </ClCompile>
    <ClCompile Include="r_surf.c">
      <Filter>Renderer</Filter>
    </ClCompile>
    <ClCompile Include="r_texture.c">
      <Filter>Renderer</Filter>
    </ClCompile>
    <ClCompile Include="r_vcache.c">
      <Filter>Renderer</Filter>
    </ClCompile>
    <ClCompile Include="r_vidref.c">
      <Filter>Renderer</Filter>
    </ClCompile>
    <ClCompile Include="r_warp.c">
      <Filter>Renderer</Filter>
    </ClCompile>
    <ClCompile Include="glw_imp.c">
      <Filter>Renderer</Filter>
    </ClCompile>
    <ClCompile Include="matrix.c">
      <Filter>Renderer</Filter>
    </ClCompile>
    <ClCompile Include="mod_alias.c">
      <Filter>Renderer</Filter>
    </ClCompile>
    <ClCompile Include="mod_brush.c">
      <Filter>Renderer</Filter>
    </ClCompile>
    <ClCompile Include="mod_sprite.c">
      <Filter>Renderer</Filter>
    </ClCompile>
    <ClCompile Include="vid_dll.c">
      <Filter>Renderer</Filter>
    </ClCompile>
    <ClCompile Include="cl_cin.c">
      <Filter>Client</Filter>
    </ClCompile>
    <ClCompile Include="cl_effects.c">
      <Filter>Client</Filter>
    </ClCompile>
    <ClCompile Include="cl_ents.c">
      <Filter>Client</Filter>
    </ClCompile>
    <ClCompile Include="cl_input.c">
      <Filter>Client</Filter>
    </ClCompile>
    <ClCompile Include="cl_inv.c">
      <Filter>Client</Filter>
    </ClCompile>
    <ClCompile Include="cl_lights.c">
      <Filter>Client</Filter>
    </ClCompile>
    <ClCompile Include="cl_main.c">
      <Filter>Client</Filter>
    </ClCompile>
    <ClCompile Include="cl_parse.c">
      <Filter>Client</Filter>
    </ClCompile>
    <ClCompile Include="cl_particles.c">
      <Filter>Client</Filter>
    </ClCompile>
    <ClCompile Include="cl_pred.c">
      <Filter>Client</Filter>
    </ClCompile>
    <ClCompile Include="cl_scrn.c">
      <Filter>Client</Filter>
    </ClCompile>
    <ClCompile Include="cl_tent.c">
      <Filter>Client</Filter>
    </ClCompile>
    <ClCompile Include="cl_view.c">
      <Filter>Client</Filter>
    </ClCompile>
    <ClCompile Include="sv_cmodel.c">
      <Filter>Server</Filter>
    </ClCompile>
    <ClCompile Include="sv_ccmds.c">
      <Filter>Server</Filter>
    </ClCompile>
    <ClCompile Include="sv_ents.c">
      <Filter>Server</Filter>
    </ClCompile>
    <ClCompile Include="sv_game.c">
      <Filter>Server</Filter>
    </ClCompile>
    <ClCompile Include="sv_init.c">
      <Filter>Server</Filter>
    </ClCompile>
    <ClCompile Include="sv_main.c">
      <Filter>Server</Filter>
    </ClCompile>
    <ClCompile Include="sv_send.c">
      <Filter>Server</Filter>
    </ClCompile>
    <ClCompile Include="sv_user.c">
      <Filter>Server</Filter>
    </ClCompile>
    <ClCompile Include="sv_world.c">
      <Filter>Server</Filter>
    </ClCompile>
    <ClCompile Include="cd_win.c">
      <Filter>Sound</Filter>
    </ClCompile>
    <ClCompile Include="snd_dma.c">
      <Filter>Sound</Filter>
    </ClCompile>
    <ClCompile Include="snd_mem.c">
      <Filter>Sound</Filter>
    </ClCompile>
    <ClCompile Include="snd_mix.c">
      <Filter>Sound</Filter>
    </ClCompile>
    <ClCompile Include="snd_win.c">
      <Filter>Sound</Filter>
    </ClCompile>
    <ClCompile Include="cmd.c">
      <Filter>Interface</Filter>
    </ClCompile>
    <ClCompile Include="console.c">
      <Filter>Interface</Filter>
    </ClCompile>
    <ClCompile Include="cvar.c">
      <Filter>Interface</Filter>
    </ClCompile>
    <ClCompile Include="in_win.c">
      <Filter>Interface</Filter>
    </ClCompile>
    <ClCompile Include="keys.c">
      <Filter>Interface</Filter>
    </ClCompile>
    <ClCompile Include="cl_mflash.c">
      <Filter>Client</Filter>
    </ClCompile>
    <ClCompile Include="common.c">
      <Filter>System</Filter>
    </ClCompile>
    <ClCompile Include="crc.c">
      <Filter>System</Filter>
    </ClCompile>
    <ClCompile Include="files.c">
      <Filter>System</Filter>
    </ClCompile>
    <ClCompile Include="md4.c">
      <Filter>System</Filter>
    </ClCompile>
    <ClCompile Include="net_chan.c">
      <Filter>System</Filter>
    </ClCompile>
    <ClCompile Include="net_wins.c">
      <Filter>System</Filter>
    </ClCompile>
    <ClCompile Include="pmove.c">
      <Filter>System</Filter>
    </ClCompile>
    <ClCompile Include="q_shared.c">
      <Filter>System</Filter>
    </ClCompile>
    <ClCompile Include="q_shwin.c">
      <Filter>System</Filter>
    </ClCompile>
    <ClCompile Include="sys_memory.c">
      <Filter>System</Filter>
    </ClCompile>
    <ClCompile Include="sys_win.c">
      <Filter>System</Filter>
    </ClCompile>
    <ClCompile Include="x86.c">
      <Filter>System</Filter>
    </ClCompile>
  </ItemGroup>
  <ItemGroup>
    <ClInclude Include="qmenu.h">
      <Filter>Menus</Filter>
    </ClInclude>
    <ClInclude Include="anorms.h">
      <Filter>Header Files</Filter>
    </ClInclude>
    <ClInclude Include="cdaudio.h">
      <Filter>Header Files</Filter>
    </ClInclude>
    <ClInclude Include="client.h">
      <Filter>Header Files</Filter>
    </ClInclude>
    <ClInclude Include="console.h">
      <Filter>Header Files</Filter>
    </ClInclude>
    <ClInclude Include="crc.h">
      <Filter>Header Files</Filter>
    </ClInclude>
    <ClInclude Include="game.h">
      <Filter>Header Files</Filter>
    </ClInclude>
    <ClInclude Include="input.h">
      <Filter>Header Files</Filter>
    </ClInclude>
    <ClInclude Include="keys.h">
      <Filter>Header Files</Filter>
    </ClInclude>
    <ClInclude Include="matrix.h">
      <Filter>Header Files</Filter>
    </ClInclude>
    <ClInclude Include="q_shared.h">
      <Filter>Header Files</Filter>
    </ClInclude>
    <ClInclude Include="qcommon.h">
      <Filter>Header Files</Filter>
    </ClInclude>
    <ClInclude Include="qfiles.h">
      <Filter>Header Files</Filter>
    </ClInclude>
    <ClInclude Include="r_local.h">
      <Filter>Header Files</Filter>
    </ClInclude>
    <ClInclude Include="r_model.h">
      <Filter>Header Files</Filter>
    </ClInclude>
    <ClInclude Include="ref.h">
      <Filter>Header Files</Filter>
    </ClInclude>
    <ClInclude Include="resource.h">
      <Filter>Header Files</Filter>
    </ClInclude>
    <ClInclude Include="screen.h">
      <Filter>Header Files</Filter>
    </ClInclude>
    <ClInclude Include="server.h">
      <Filter>Header Files</Filter>
    </ClInclude>
    <ClInclude Include="snd_loc.h">
      <Filter>Header Files</Filter>
    </ClInclude>
    <ClInclude Include="sound.h">
      <Filter>Header Files</Filter>
    </ClInclude>
    <ClInclude Include="vid.h">
      <Filter>Header Files</Filter>
    </ClInclude>
    <ClInclude Include="stb_image.h">
      <Filter>Images</Filter>
    </ClInclude>
  </ItemGroup>
  <ItemGroup>
    <Image Include="q2.ico">
      <Filter>Resource Files</Filter>
    </Image>
  </ItemGroup>
  <ItemGroup>
    <ResourceCompile Include="q2.rc">
      <Filter>Resource Files</Filter>
    </ResourceCompile>
  </ItemGroup>
  <ItemGroup>
    <None Include="envmap.pcx">
      <Filter>Images</Filter>
    </None>
    <None Include="fxBeam.shader">
      <Filter>Shaders</Filter>
    </None>
    <None Include="fxCommon.shader">
      <Filter>Shaders</Filter>
    </None>
    <None Include="fxDraw.shader">
      <Filter>Shaders</Filter>
    </None>
    <None Include="fxMesh.shader">
      <Filter>Shaders</Filter>
    </None>
    <None Include="fxNull.shader">
      <Filter>Shaders</Filter>
    </None>
    <None Include="fxParticles.shader">
      <Filter>Shaders</Filter>
    </None>
    <None Include="fxSprite.shader">
      <Filter>Shaders</Filter>
    </None>
    <None Include="fxSurf.shader">
      <Filter>Shaders</Filter>
    </None>
    <None Include="fxWaterwarp.shader">
      <Filter>Shaders</Filter>
    </None>
    <None Include="fxSky.shader">
      <Filter>Shaders</Filter>
    </None>
  </ItemGroup>
</Project>