<?xml version="1.0" encoding="utf-8"?>
<Project ToolsVersion="4.0" xmlns="http://schemas.microsoft.com/developer/msbuild/2003">
  <ItemGroup>
    <Filter Include="Source Files">
      <UniqueIdentifier>{7199cb99-5d33-4b39-a534-a7641de2d34a}</UniqueIdentifier>
      <Extensions>cpp;c;cxx;rc;def;r;odl;hpj;bat;for;f90</Extensions>
    </Filter>
    <Filter Include="Header Files">
      <UniqueIdentifier>{03e8b4f4-d415-414f-a8f7-456101a8dbdb}</UniqueIdentifier>
      <Extensions>h;hpp;hxx;hm;inl;fi;fd</Extensions>
    </Filter>
    <Filter Include="Resource Files">
      <UniqueIdentifier>{9904f3ed-2e53-4587-ab26-6b4fb66f1cf9}</UniqueIdentifier>
      <Extensions>ico;cur;bmp;dlg;rc2;rct;bin;cnt;rtf;gif;jpg;jpeg;jpe</Extensions>
    </Filter>
    <Filter Include="Menus">
      <UniqueIdentifier>{f7a44e8b-b61b-431e-b9be-4904a1742c33}</UniqueIdentifier>
    </Filter>
  </ItemGroup>
  <ItemGroup>
    <ClCompile Include="cd_win.c">
      <Filter>Source Files</Filter>
    </ClCompile>
    <ClCompile Include="cl_cin.c">
      <Filter>Source Files</Filter>
    </ClCompile>
    <ClCompile Include="cl_effects.c">
      <Filter>Source Files</Filter>
    </ClCompile>
    <ClCompile Include="cl_ents.c">
      <Filter>Source Files</Filter>
    </ClCompile>
    <ClCompile Include="cl_input.c">
      <Filter>Source Files</Filter>
    </ClCompile>
    <ClCompile Include="cl_inv.c">
      <Filter>Source Files</Filter>
    </ClCompile>
    <ClCompile Include="cl_lights.c">
      <Filter>Source Files</Filter>
    </ClCompile>
    <ClCompile Include="cl_main.c">
      <Filter>Source Files</Filter>
    </ClCompile>
    <ClCompile Include="cl_parse.c">
      <Filter>Source Files</Filter>
    </ClCompile>
    <ClCompile Include="cl_particles.c">
      <Filter>Source Files</Filter>
    </ClCompile>
    <ClCompile Include="cl_pred.c">
      <Filter>Source Files</Filter>
    </ClCompile>
    <ClCompile Include="cl_scrn.c">
      <Filter>Source Files</Filter>
    </ClCompile>
    <ClCompile Include="cl_tent.c">
      <Filter>Source Files</Filter>
    </ClCompile>
    <ClCompile Include="cl_view.c">
      <Filter>Source Files</Filter>
    </ClCompile>
    <ClCompile Include="cmd.c">
      <Filter>Source Files</Filter>
    </ClCompile>
    <ClCompile Include="cmodel.c">
      <Filter>Source Files</Filter>
    </ClCompile>
    <ClCompile Include="common.c">
      <Filter>Source Files</Filter>
    </ClCompile>
    <ClCompile Include="conproc.c">
      <Filter>Source Files</Filter>
    </ClCompile>
    <ClCompile Include="console.c">
      <Filter>Source Files</Filter>
    </ClCompile>
    <ClCompile Include="crc.c">
      <Filter>Source Files</Filter>
    </ClCompile>
    <ClCompile Include="cvar.c">
      <Filter>Source Files</Filter>
    </ClCompile>
    <ClCompile Include="files.c">
      <Filter>Source Files</Filter>
    </ClCompile>
    <ClCompile Include="in_win.c">
      <Filter>Source Files</Filter>
    </ClCompile>
    <ClCompile Include="keys.c">
      <Filter>Source Files</Filter>
    </ClCompile>
    <ClCompile Include="m_flash.c">
      <Filter>Source Files</Filter>
    </ClCompile>
    <ClCompile Include="md4.c">
      <Filter>Source Files</Filter>
    </ClCompile>
    <ClCompile Include="net_chan.c">
      <Filter>Source Files</Filter>
    </ClCompile>
    <ClCompile Include="net_wins.c">
      <Filter>Source Files</Filter>
    </ClCompile>
    <ClCompile Include="pmove.c">
      <Filter>Source Files</Filter>
    </ClCompile>
    <ClCompile Include="q_shared.c">
      <Filter>Source Files</Filter>
    </ClCompile>
    <ClCompile Include="q_shwin.c">
      <Filter>Source Files</Filter>
    </ClCompile>
    <ClCompile Include="snd_dma.c">
      <Filter>Source Files</Filter>
    </ClCompile>
    <ClCompile Include="snd_mem.c">
      <Filter>Source Files</Filter>
    </ClCompile>
    <ClCompile Include="snd_mix.c">
      <Filter>Source Files</Filter>
    </ClCompile>
    <ClCompile Include="snd_win.c">
      <Filter>Source Files</Filter>
    </ClCompile>
    <ClCompile Include="sv_ccmds.c">
      <Filter>Source Files</Filter>
    </ClCompile>
    <ClCompile Include="sv_ents.c">
      <Filter>Source Files</Filter>
    </ClCompile>
    <ClCompile Include="sv_game.c">
      <Filter>Source Files</Filter>
    </ClCompile>
    <ClCompile Include="sv_init.c">
      <Filter>Source Files</Filter>
    </ClCompile>
    <ClCompile Include="sv_main.c">
      <Filter>Source Files</Filter>
    </ClCompile>
    <ClCompile Include="sv_send.c">
      <Filter>Source Files</Filter>
    </ClCompile>
    <ClCompile Include="sv_user.c">
      <Filter>Source Files</Filter>
    </ClCompile>
    <ClCompile Include="sv_world.c">
      <Filter>Source Files</Filter>
    </ClCompile>
    <ClCompile Include="sys_memory.c">
      <Filter>Source Files</Filter>
    </ClCompile>
    <ClCompile Include="sys_win.c">
      <Filter>Source Files</Filter>
    </ClCompile>
    <ClCompile Include="vid_dll.c">
      <Filter>Source Files</Filter>
    </ClCompile>
    <ClCompile Include="x86.c">
      <Filter>Source Files</Filter>
    </ClCompile>
    <ClCompile Include="menu.c">
      <Filter>Menus</Filter>
    </ClCompile>
    <ClCompile Include="menu_addressbook.c">
      <Filter>Menus</Filter>
    </ClCompile>
    <ClCompile Include="menu_credits.c">
      <Filter>Menus</Filter>
    </ClCompile>
    <ClCompile Include="menu_dmoptions.c">
      <Filter>Menus</Filter>
    </ClCompile>
    <ClCompile Include="menu_downloadoptions.c">
      <Filter>Menus</Filter>
    </ClCompile>
    <ClCompile Include="menu_gallery.c">
      <Filter>Menus</Filter>
    </ClCompile>
    <ClCompile Include="menu_game.c">
      <Filter>Menus</Filter>
    </ClCompile>
    <ClCompile Include="menu_joinserver.c">
      <Filter>Menus</Filter>
    </ClCompile>
    <ClCompile Include="menu_keys.c">
      <Filter>Menus</Filter>
    </ClCompile>
    <ClCompile Include="menu_main.c">
      <Filter>Menus</Filter>
    </ClCompile>
    <ClCompile Include="menu_multiplayer.c">
      <Filter>Menus</Filter>
    </ClCompile>
    <ClCompile Include="menu_options.c">
      <Filter>Menus</Filter>
    </ClCompile>
    <ClCompile Include="menu_playerconfig.c">
      <Filter>Menus</Filter>
    </ClCompile>
    <ClCompile Include="menu_quit.c">
      <Filter>Menus</Filter>
    </ClCompile>
    <ClCompile Include="menu_saveload.c">
      <Filter>Menus</Filter>
    </ClCompile>
    <ClCompile Include="menu_startserver.c">
      <Filter>Menus</Filter>
    </ClCompile>
    <ClCompile Include="qmenu.c">
      <Filter>Menus</Filter>
    </ClCompile>
    <ClCompile Include="vid_menu.c">
      <Filter>Menus</Filter>
    </ClCompile>
  </ItemGroup>
  <ItemGroup>
    <ClInclude Include="anorms.h">
      <Filter>Header Files</Filter>
    </ClInclude>
    <ClInclude Include="cdaudio.h">
      <Filter>Header Files</Filter>
    </ClInclude>
    <ClInclude Include="client.h">
      <Filter>Header Files</Filter>
    </ClInclude>
    <ClInclude Include="conproc.h">
      <Filter>Header Files</Filter>
    </ClInclude>
    <ClInclude Include="console.h">
      <Filter>Header Files</Filter>
    </ClInclude>
    <ClInclude Include="crc.h">
      <Filter>Header Files</Filter>
    </ClInclude>
    <ClInclude Include="game.h">
      <Filter>Header Files</Filter>
    </ClInclude>
    <ClInclude Include="input.h">
      <Filter>Header Files</Filter>
    </ClInclude>
    <ClInclude Include="keys.h">
      <Filter>Header Files</Filter>
    </ClInclude>
    <ClInclude Include="q_shared.h">
      <Filter>Header Files</Filter>
    </ClInclude>
    <ClInclude Include="qcommon.h">
      <Filter>Header Files</Filter>
    </ClInclude>
    <ClInclude Include="qfiles.h">
      <Filter>Header Files</Filter>
    </ClInclude>
    <ClInclude Include="ref.h">
      <Filter>Header Files</Filter>
    </ClInclude>
    <ClInclude Include="resource.h">
      <Filter>Header Files</Filter>
    </ClInclude>
    <ClInclude Include="screen.h">
      <Filter>Header Files</Filter>
    </ClInclude>
    <ClInclude Include="server.h">
      <Filter>Header Files</Filter>
    </ClInclude>
    <ClInclude Include="snd_loc.h">
      <Filter>Header Files</Filter>
    </ClInclude>
    <ClInclude Include="sound.h">
      <Filter>Header Files</Filter>
    </ClInclude>
    <ClInclude Include="vid.h">
      <Filter>Header Files</Filter>
    </ClInclude>
    <ClInclude Include="qmenu.h">
      <Filter>Menus</Filter>
    </ClInclude>
  </ItemGroup>
  <ItemGroup>
    <Image Include="q2.ico">
      <Filter>Resource Files</Filter>
    </Image>
  </ItemGroup>
  <ItemGroup>
    <ResourceCompile Include="q2.rc">
      <Filter>Resource Files</Filter>
    </ResourceCompile>
  </ItemGroup>
</Project>